
Microsoft Visual Studio Solution File, Format Version 12.00
# Visual Studio Version 16
VisualStudioVersion = 16.0.30503.244
MinimumVisualStudioVersion = 10.0.40219.1
Project("{2150E333-8FDC-42A3-9474-1A3956D46DE8}") = "Microservices", "Microservices", "{B2DD6500-F5A1-4389-AFE4-B1F8BA9B35C7}"
EndProject
Project("{2150E333-8FDC-42A3-9474-1A3956D46DE8}") = "Domain", "Domain", "{743A107A-4AB1-4534-8DA2-26CCCE8BBF74}"
EndProject
Project("{2150E333-8FDC-42A3-9474-1A3956D46DE8}") = "Infra.Bus", "Infra.Bus", "{A523B4EE-EB68-40B5-AE2D-276EC8981646}"
EndProject
Project("{2150E333-8FDC-42A3-9474-1A3956D46DE8}") = "Infra.IoC", "Infra.IoC", "{DA71D4C1-9862-4BE2-87A0-A005568023F0}"
EndProject
Project("{2150E333-8FDC-42A3-9474-1A3956D46DE8}") = "Presentation", "Presentation", "{2626332A-25A2-4199-B989-78DB2D8CB7F9}"
EndProject
Project("{FAE04EC0-301F-11D3-BF4B-00C04F79EFBC}") = "MicroRabbit.Domain.Core", "MicroRabbit.Domain.Core\MicroRabbit.Domain.Core.csproj", "{5502EB68-823E-4056-ABBF-674CE42B6427}"
EndProject
Global
	GlobalSection(SolutionConfigurationPlatforms) = preSolution
		Debug|Any CPU = Debug|Any CPU
		Release|Any CPU = Release|Any CPU
	EndGlobalSection
	GlobalSection(ProjectConfigurationPlatforms) = postSolution
		{5502EB68-823E-4056-ABBF-674CE42B6427}.Debug|Any CPU.ActiveCfg = Debug|Any CPU
		{5502EB68-823E-4056-ABBF-674CE42B6427}.Debug|Any CPU.Build.0 = Debug|Any CPU
		{5502EB68-823E-4056-ABBF-674CE42B6427}.Release|Any CPU.ActiveCfg = Release|Any CPU
		{5502EB68-823E-4056-ABBF-674CE42B6427}.Release|Any CPU.Build.0 = Release|Any CPU
	EndGlobalSection
	GlobalSection(SolutionProperties) = preSolution
		HideSolutionNode = FALSE
	EndGlobalSection
	GlobalSection(NestedProjects) = preSolution
		{5502EB68-823E-4056-ABBF-674CE42B6427} = {743A107A-4AB1-4534-8DA2-26CCCE8BBF74}
	EndGlobalSection
	GlobalSection(ExtensibilityGlobals) = postSolution
		SolutionGuid = {1B75663C-C7AE-4EE1-9BA6-DBE8E0DFEABE}
	EndGlobalSection
EndGlobal
